
Microsoft Visual Studio Solution File, Format Version 12.00
Project("{FAE04EC0-301F-11D3-BF4B-00C04F79EFBC}") = "RosMessageParserCli", "RosMessageParserCli\RosMessageParserCli.csproj", "{DA6626D1-3CC2-4C65-A69B-08901434AD12}"
EndProject
Project("{FAE04EC0-301F-11D3-BF4B-00C04F79EFBC}") = "Joanneum.Robotics.Ros.PackageXml", "Joanneum.Robotics.Ros.PackageXml\Joanneum.Robotics.Ros.PackageXml.csproj", "{8DBBE6C5-9340-4774-AA21-AE31B8D2C0C3}"
EndProject
Project("{FAE04EC0-301F-11D3-BF4B-00C04F79EFBC}") = "Joanneum.Robotics.Ros.PackageXml.Tests", "Joanneum.Robotics.Ros.PackageXml.Tests\Joanneum.Robotics.Ros.PackageXml.Tests.csproj", "{1E560131-BDDB-4FD3-9E32-681D0DFED368}"
EndProject
Project("{FAE04EC0-301F-11D3-BF4B-00C04F79EFBC}") = "Joanneum.Robotics.Ros.MessageParser.Cli.Tests", "Joanneum.Robotics.Ros.MessageParser.Cli.Tests\Joanneum.Robotics.Ros.MessageParser.Cli.Tests.csproj", "{C0B88FC7-4AB3-44DD-A3D3-2FC6FA59D0F3}"
EndProject
Project("{2150E333-8FDC-42A3-9474-1A3956D46DE8}") = "Tests", "Tests", "{2FE53127-F29D-46B9-9BB3-CB438E2FCFBE}"
EndProject
Global
	GlobalSection(SolutionConfigurationPlatforms) = preSolution
		Debug|Any CPU = Debug|Any CPU
		Release|Any CPU = Release|Any CPU
	EndGlobalSection
	GlobalSection(ProjectConfigurationPlatforms) = postSolution
		{DA6626D1-3CC2-4C65-A69B-08901434AD12}.Debug|Any CPU.ActiveCfg = Debug|Any CPU
		{DA6626D1-3CC2-4C65-A69B-08901434AD12}.Debug|Any CPU.Build.0 = Debug|Any CPU
		{DA6626D1-3CC2-4C65-A69B-08901434AD12}.Release|Any CPU.ActiveCfg = Release|Any CPU
		{DA6626D1-3CC2-4C65-A69B-08901434AD12}.Release|Any CPU.Build.0 = Release|Any CPU
		{8DBBE6C5-9340-4774-AA21-AE31B8D2C0C3}.Debug|Any CPU.ActiveCfg = Debug|Any CPU
		{8DBBE6C5-9340-4774-AA21-AE31B8D2C0C3}.Debug|Any CPU.Build.0 = Debug|Any CPU
		{8DBBE6C5-9340-4774-AA21-AE31B8D2C0C3}.Release|Any CPU.ActiveCfg = Release|Any CPU
		{8DBBE6C5-9340-4774-AA21-AE31B8D2C0C3}.Release|Any CPU.Build.0 = Release|Any CPU
		{1E560131-BDDB-4FD3-9E32-681D0DFED368}.Debug|Any CPU.ActiveCfg = Debug|Any CPU
		{1E560131-BDDB-4FD3-9E32-681D0DFED368}.Debug|Any CPU.Build.0 = Debug|Any CPU
		{1E560131-BDDB-4FD3-9E32-681D0DFED368}.Release|Any CPU.ActiveCfg = Release|Any CPU
		{1E560131-BDDB-4FD3-9E32-681D0DFED368}.Release|Any CPU.Build.0 = Release|Any CPU
		{C0B88FC7-4AB3-44DD-A3D3-2FC6FA59D0F3}.Debug|Any CPU.ActiveCfg = Debug|Any CPU
		{C0B88FC7-4AB3-44DD-A3D3-2FC6FA59D0F3}.Debug|Any CPU.Build.0 = Debug|Any CPU
		{C0B88FC7-4AB3-44DD-A3D3-2FC6FA59D0F3}.Release|Any CPU.ActiveCfg = Release|Any CPU
		{C0B88FC7-4AB3-44DD-A3D3-2FC6FA59D0F3}.Release|Any CPU.Build.0 = Release|Any CPU
	EndGlobalSection
	GlobalSection(NestedProjects) = preSolution
		{C0B88FC7-4AB3-44DD-A3D3-2FC6FA59D0F3} = {2FE53127-F29D-46B9-9BB3-CB438E2FCFBE}
		{1E560131-BDDB-4FD3-9E32-681D0DFED368} = {2FE53127-F29D-46B9-9BB3-CB438E2FCFBE}
	EndGlobalSection
EndGlobal
